
Microsoft Visual Studio Solution File, Format Version 12.00
# Visual Studio 15
VisualStudioVersion = 15.0.28010.2046
MinimumVisualStudioVersion = 10.0.40219.1
Project("{9A19103F-16F7-4668-BE54-9A1E7A4F7556}") = "WebApplication1", "WebApplication1\WebApplication1.csproj", "{ACE32026-59DC-4A83-BBA7-66FD8436F688}"
EndProject
Global
	GlobalSection(SolutionConfigurationPlatforms) = preSolution
		Debug|Any CPU = Debug|Any CPU
		Release|Any CPU = Release|Any CPU
	EndGlobalSection
	GlobalSection(ProjectConfigurationPlatforms) = postSolution
		{ACE32026-59DC-4A83-BBA7-66FD8436F688}.Debug|Any CPU.ActiveCfg = Debug|Any CPU
		{ACE32026-59DC-4A83-BBA7-66FD8436F688}.Debug|Any CPU.Build.0 = Debug|Any CPU
		{ACE32026-59DC-4A83-BBA7-66FD8436F688}.Release|Any CPU.ActiveCfg = Release|Any CPU
		{ACE32026-59DC-4A83-BBA7-66FD8436F688}.Release|Any CPU.Build.0 = Release|Any CPU
	EndGlobalSection
	GlobalSection(SolutionProperties) = preSolution
		HideSolutionNode = FALSE
	EndGlobalSection
	GlobalSection(ExtensibilityGlobals) = postSolution
		SolutionGuid = {478193F0-20D2-469C-9BD1-CAD630B434A0}
	EndGlobalSection
EndGlobal
